
Microsoft Visual Studio Solution File, Format Version 12.00
Project("{2150E333-8FDC-42A3-9474-1A3956D46DE8}") = "SolutionFolder", "SolutionFolder", "{D7D1220C-3D34-48E0-BDAE-00BCD95649B5}"
	ProjectSection(SolutionItems) = preProject
		..\README.md = ..\README.md
		..\test-grpc-connection.ps1 = ..\test-grpc-connection.ps1
		plan.md = plan.md
		.gitignore = .gitignore
		test-dht-probe.ps1 = test-dht-probe.ps1
		test-dht-probe-with-log.ps1 = test-dht-probe-with-log.ps1
		session-flow.md = session-flow.md
	EndProjectSection
EndProject
Project("{2150E333-8FDC-42A3-9474-1A3956D46DE8}") = "Cryptography", "Cryptography", "{D3EFBBDF-641F-4849-8BCB-BFAA7DEA0447}"
EndProject
Project("{FAE04EC0-301F-11D3-BF4B-00C04F79EFBC}") = "Percolator.Cryptography", "Percolator.Cryptography\Percolator.Cryptography.csproj", "{F88E64D0-D7F8-4876-BD39-2175D1B86889}"
EndProject
Project("{FAE04EC0-301F-11D3-BF4B-00C04F79EFBC}") = "Percolator.CryptographyTests", "Percolator.CryptographyTests\Percolator.CryptographyTests.csproj", "{16B3EE24-05F8-474F-B952-76C5B4A4B725}"
EndProject
Project("{FAE04EC0-301F-11D3-BF4B-00C04F79EFBC}") = "Percolator.Network", "Percolator.Network\Percolator.Network.csproj", "{2E01B654-6BE2-455D-B263-3F023AE2B992}"
EndProject
Project("{2150E333-8FDC-42A3-9474-1A3956D46DE8}") = "Network", "Network", "{AFC9DC50-61AE-42A7-BF5A-3F55F2BA6BC0}"
EndProject
Project("{FAE04EC0-301F-11D3-BF4B-00C04F79EFBC}") = "Percolator.Application", "Percolator.Application\Percolator.Application.csproj", "{84C0438D-5FAA-43BA-B91C-AD759FB95CC8}"
EndProject
Project("{FAE04EC0-301F-11D3-BF4B-00C04F79EFBC}") = "Percolator.Contracts", "Percolator.Contracts\Percolator.Contracts.csproj", "{A0AF616A-5F9F-4A91-911E-37E8247AB281}"
EndProject
Project("{FAE04EC0-301F-11D3-BF4B-00C04F79EFBC}") = "Percolator.Node", "Percolator.Node\Percolator.Node.csproj", "{79696699-D13D-4152-AAA7-C30F37B06666}"
EndProject
Project("{FAE04EC0-301F-11D3-BF4B-00C04F79EFBC}") = "Percolator.NetworkTests", "Percolator.NetworkTests\Percolator.NetworkTests.csproj", "{7D226911-4D9F-4AC0-BB0E-93DF8F71BAC3}"
EndProject
Project("{FAE04EC0-301F-11D3-BF4B-00C04F79EFBC}") = "Percolator.Identity", "Percolator.Identity\Percolator.Identity.csproj", "{7AE9C224-C232-43F6-A329-7ADE70EE76B2}"
EndProject
Project("{2150E333-8FDC-42A3-9474-1A3956D46DE8}") = "Identity", "Identity", "{A2C7AA6D-251E-45AB-A32A-8EA6BB634ACA}"
EndProject
Project("{FAE04EC0-301F-11D3-BF4B-00C04F79EFBC}") = "Percolator.IdentityTests", "Percolator.IdentityTests\Percolator.IdentityTests.csproj", "{3DFDC043-0D74-493E-B9F2-2B4E902AB9FA}"
EndProject
Project("{FAE04EC0-301F-11D3-BF4B-00C04F79EFBC}") = "Percolator.ApplicationTests", "Percolator.ApplicationTests\Percolator.ApplicationTests.csproj", "{58617EF5-4875-4B42-9CD8-1E622D2C2C37}"
EndProject
Project("{2150E333-8FDC-42A3-9474-1A3956D46DE8}") = "Apps", "Apps", "{2CB618DD-9551-4593-8B98-FFAE20DC4C64}"
EndProject
Project("{2150E333-8FDC-42A3-9474-1A3956D46DE8}") = "Chat", "Chat", "{869EC03E-6CCA-48A9-B7E1-C6CEC6796ED5}"
EndProject
Project("{FAE04EC0-301F-11D3-BF4B-00C04F79EFBC}") = "Percolator.Chat", "Percolator.Chat\Percolator.Chat.csproj", "{4964336F-920F-4B5B-B757-7E71EBFD9703}"
EndProject
Project("{FAE04EC0-301F-11D3-BF4B-00C04F79EFBC}") = "Percolator.Chat.Tests", "Percolator.Chat.Tests\Percolator.Chat.Tests.csproj", "{B1E04D25-BA49-4B8B-9320-593DB3C05D8D}"
EndProject
Project("{FAE04EC0-301F-11D3-BF4B-00C04F79EFBC}") = "Percolator.Infrastructure", "Percolator.Infrastructure\Percolator.Infrastructure.csproj", "{413F3BB7-359D-4138-82B2-2D6663812CD0}"
EndProject
Project("{FAE04EC0-301F-11D3-BF4B-00C04F79EFBC}") = "Percolator.InfrastructureTests", "Percolator.InfrastructureTests\Percolator.InfrastructureTests.csproj", "{AB5DB604-C8D2-4017-8FE9-54A2E0010AF5}"
EndProject
Project("{2150E333-8FDC-42A3-9474-1A3956D46DE8}") = "Infrastructure", "Infrastructure", "{1BA0BC13-1FAC-43E6-8485-EB8EA00CD072}"
EndProject
Project("{FAE04EC0-301F-11D3-BF4B-00C04F79EFBC}") = "Percolator.ApplicationIntegrationTests", "Percolator.ApplicationIntegrationTests\Percolator.ApplicationIntegrationTests.csproj", "{39757A1B-B502-4A78-9EFF-4845050A032C}"
EndProject
Project("{2150E333-8FDC-42A3-9474-1A3956D46DE8}") = "Application", "Application", "{72EA6752-DA13-4F0D-9963-A0C2DDAAEC9F}"
EndProject
Project("{FAE04EC0-301F-11D3-BF4B-00C04F79EFBC}") = "Percolator.Dht", "Percolator.Dht\Percolator.Dht.csproj", "{127B80B5-1F20-4AF8-B650-6E7A50795562}"
EndProject
Project("{FAE04EC0-301F-11D3-BF4B-00C04F79EFBC}") = "Percolator.Dht.Tests", "Percolator.Dht.Tests\Percolator.Dht.Tests.csproj", "{3F60C437-F1D4-42DA-92A3-AAD9ECB1DCEF}"
EndProject
Project("{2150E333-8FDC-42A3-9474-1A3956D46DE8}") = "Dht", "Dht", "{79F1788F-E763-4B06-AC5E-C8882F49F0C3}"
EndProject
Project("{FAE04EC0-301F-11D3-BF4B-00C04F79EFBC}") = "Percolator.Prekey", "Percolator.Prekey\Percolator.Prekey.csproj", "{7A28146B-EF4E-4690-958E-D35501F42F38}"
EndProject
Project("{2150E333-8FDC-42A3-9474-1A3956D46DE8}") = "Prekey", "Prekey", "{69846AE7-15B1-4BA3-BFC4-C8DC5ED106AB}"
EndProject
Project("{FAE04EC0-301F-11D3-BF4B-00C04F79EFBC}") = "Percolator.PrekeyTests", "Percolator.PrekeyTests\Percolator.PrekeyTests.csproj", "{FA7FE736-BE0B-4CA2-AA7C-A04EF687D6E4}"
EndProject
Project("{FAE04EC0-301F-11D3-BF4B-00C04F79EFBC}") = "Percolator.MessageQueue", "Percolator.MessageQueue\Percolator.MessageQueue.csproj", "{ADF6D962-215F-491A-B1C3-45F0F2E5BF82}"
EndProject
Project("{2150E333-8FDC-42A3-9474-1A3956D46DE8}") = "MessageQueue", "MessageQueue", "{C56C4046-E243-463C-BBFE-190792190DCB}"
EndProject
Project("{FAE04EC0-301F-11D3-BF4B-00C04F79EFBC}") = "Percolator.MessageQueueTests", "Percolator.MessageQueueTests\Percolator.MessageQueueTests.csproj", "{09C5AA0A-B94F-46F9-806A-EF0EB299086D}"
EndProject
Global
	GlobalSection(SolutionConfigurationPlatforms) = preSolution
		Debug|Any CPU = Debug|Any CPU
		Debug|x64 = Debug|x64
		Debug|x86 = Debug|x86
		Release|Any CPU = Release|Any CPU
		Release|x64 = Release|x64
		Release|x86 = Release|x86
	EndGlobalSection
	GlobalSection(ProjectConfigurationPlatforms) = postSolution
		{F88E64D0-D7F8-4876-BD39-2175D1B86889}.Debug|Any CPU.ActiveCfg = Debug|Any CPU
		{F88E64D0-D7F8-4876-BD39-2175D1B86889}.Debug|Any CPU.Build.0 = Debug|Any CPU
		{F88E64D0-D7F8-4876-BD39-2175D1B86889}.Debug|x64.ActiveCfg = Debug|Any CPU
		{F88E64D0-D7F8-4876-BD39-2175D1B86889}.Debug|x64.Build.0 = Debug|Any CPU
		{F88E64D0-D7F8-4876-BD39-2175D1B86889}.Debug|x86.ActiveCfg = Debug|Any CPU
		{F88E64D0-D7F8-4876-BD39-2175D1B86889}.Debug|x86.Build.0 = Debug|Any CPU
		{F88E64D0-D7F8-4876-BD39-2175D1B86889}.Release|Any CPU.ActiveCfg = Release|Any CPU
		{F88E64D0-D7F8-4876-BD39-2175D1B86889}.Release|Any CPU.Build.0 = Release|Any CPU
		{F88E64D0-D7F8-4876-BD39-2175D1B86889}.Release|x64.ActiveCfg = Release|Any CPU
		{F88E64D0-D7F8-4876-BD39-2175D1B86889}.Release|x64.Build.0 = Release|Any CPU
		{F88E64D0-D7F8-4876-BD39-2175D1B86889}.Release|x86.ActiveCfg = Release|Any CPU
		{F88E64D0-D7F8-4876-BD39-2175D1B86889}.Release|x86.Build.0 = Release|Any CPU
		{16B3EE24-05F8-474F-B952-76C5B4A4B725}.Debug|Any CPU.ActiveCfg = Debug|Any CPU
		{16B3EE24-05F8-474F-B952-76C5B4A4B725}.Debug|Any CPU.Build.0 = Debug|Any CPU
		{16B3EE24-05F8-474F-B952-76C5B4A4B725}.Debug|x64.ActiveCfg = Debug|Any CPU
		{16B3EE24-05F8-474F-B952-76C5B4A4B725}.Debug|x64.Build.0 = Debug|Any CPU
		{16B3EE24-05F8-474F-B952-76C5B4A4B725}.Debug|x86.ActiveCfg = Debug|Any CPU
		{16B3EE24-05F8-474F-B952-76C5B4A4B725}.Debug|x86.Build.0 = Debug|Any CPU
		{16B3EE24-05F8-474F-B952-76C5B4A4B725}.Release|Any CPU.ActiveCfg = Release|Any CPU
		{16B3EE24-05F8-474F-B952-76C5B4A4B725}.Release|Any CPU.Build.0 = Release|Any CPU
		{16B3EE24-05F8-474F-B952-76C5B4A4B725}.Release|x64.ActiveCfg = Release|Any CPU
		{16B3EE24-05F8-474F-B952-76C5B4A4B725}.Release|x64.Build.0 = Release|Any CPU
		{16B3EE24-05F8-474F-B952-76C5B4A4B725}.Release|x86.ActiveCfg = Release|Any CPU
		{16B3EE24-05F8-474F-B952-76C5B4A4B725}.Release|x86.Build.0 = Release|Any CPU
		{2E01B654-6BE2-455D-B263-3F023AE2B992}.Debug|Any CPU.ActiveCfg = Debug|Any CPU
		{2E01B654-6BE2-455D-B263-3F023AE2B992}.Debug|Any CPU.Build.0 = Debug|Any CPU
		{2E01B654-6BE2-455D-B263-3F023AE2B992}.Debug|x64.ActiveCfg = Debug|Any CPU
		{2E01B654-6BE2-455D-B263-3F023AE2B992}.Debug|x64.Build.0 = Debug|Any CPU
		{2E01B654-6BE2-455D-B263-3F023AE2B992}.Debug|x86.ActiveCfg = Debug|Any CPU
		{2E01B654-6BE2-455D-B263-3F023AE2B992}.Debug|x86.Build.0 = Debug|Any CPU
		{2E01B654-6BE2-455D-B263-3F023AE2B992}.Release|Any CPU.ActiveCfg = Release|Any CPU
		{2E01B654-6BE2-455D-B263-3F023AE2B992}.Release|Any CPU.Build.0 = Release|Any CPU
		{2E01B654-6BE2-455D-B263-3F023AE2B992}.Release|x64.ActiveCfg = Release|Any CPU
		{2E01B654-6BE2-455D-B263-3F023AE2B992}.Release|x64.Build.0 = Release|Any CPU
		{2E01B654-6BE2-455D-B263-3F023AE2B992}.Release|x86.ActiveCfg = Release|Any CPU
		{2E01B654-6BE2-455D-B263-3F023AE2B992}.Release|x86.Build.0 = Release|Any CPU
		{84C0438D-5FAA-43BA-B91C-AD759FB95CC8}.Debug|Any CPU.ActiveCfg = Debug|Any CPU
		{84C0438D-5FAA-43BA-B91C-AD759FB95CC8}.Debug|Any CPU.Build.0 = Debug|Any CPU
		{84C0438D-5FAA-43BA-B91C-AD759FB95CC8}.Debug|x64.ActiveCfg = Debug|Any CPU
		{84C0438D-5FAA-43BA-B91C-AD759FB95CC8}.Debug|x64.Build.0 = Debug|Any CPU
		{84C0438D-5FAA-43BA-B91C-AD759FB95CC8}.Debug|x86.ActiveCfg = Debug|Any CPU
		{84C0438D-5FAA-43BA-B91C-AD759FB95CC8}.Debug|x86.Build.0 = Debug|Any CPU
		{84C0438D-5FAA-43BA-B91C-AD759FB95CC8}.Release|Any CPU.ActiveCfg = Release|Any CPU
		{84C0438D-5FAA-43BA-B91C-AD759FB95CC8}.Release|Any CPU.Build.0 = Release|Any CPU
		{84C0438D-5FAA-43BA-B91C-AD759FB95CC8}.Release|x64.ActiveCfg = Release|Any CPU
		{84C0438D-5FAA-43BA-B91C-AD759FB95CC8}.Release|x64.Build.0 = Release|Any CPU
		{84C0438D-5FAA-43BA-B91C-AD759FB95CC8}.Release|x86.ActiveCfg = Release|Any CPU
		{84C0438D-5FAA-43BA-B91C-AD759FB95CC8}.Release|x86.Build.0 = Release|Any CPU
		{A0AF616A-5F9F-4A91-911E-37E8247AB281}.Debug|Any CPU.ActiveCfg = Debug|Any CPU
		{A0AF616A-5F9F-4A91-911E-37E8247AB281}.Debug|Any CPU.Build.0 = Debug|Any CPU
		{A0AF616A-5F9F-4A91-911E-37E8247AB281}.Debug|x64.ActiveCfg = Debug|Any CPU
		{A0AF616A-5F9F-4A91-911E-37E8247AB281}.Debug|x64.Build.0 = Debug|Any CPU
		{A0AF616A-5F9F-4A91-911E-37E8247AB281}.Debug|x86.ActiveCfg = Debug|Any CPU
		{A0AF616A-5F9F-4A91-911E-37E8247AB281}.Debug|x86.Build.0 = Debug|Any CPU
		{A0AF616A-5F9F-4A91-911E-37E8247AB281}.Release|Any CPU.ActiveCfg = Release|Any CPU
		{A0AF616A-5F9F-4A91-911E-37E8247AB281}.Release|Any CPU.Build.0 = Release|Any CPU
		{A0AF616A-5F9F-4A91-911E-37E8247AB281}.Release|x64.ActiveCfg = Release|Any CPU
		{A0AF616A-5F9F-4A91-911E-37E8247AB281}.Release|x64.Build.0 = Release|Any CPU
		{A0AF616A-5F9F-4A91-911E-37E8247AB281}.Release|x86.ActiveCfg = Release|Any CPU
		{A0AF616A-5F9F-4A91-911E-37E8247AB281}.Release|x86.Build.0 = Release|Any CPU
		{79696699-D13D-4152-AAA7-C30F37B06666}.Debug|Any CPU.ActiveCfg = Debug|Any CPU
		{79696699-D13D-4152-AAA7-C30F37B06666}.Debug|Any CPU.Build.0 = Debug|Any CPU
		{79696699-D13D-4152-AAA7-C30F37B06666}.Debug|x64.ActiveCfg = Debug|Any CPU
		{79696699-D13D-4152-AAA7-C30F37B06666}.Debug|x64.Build.0 = Debug|Any CPU
		{79696699-D13D-4152-AAA7-C30F37B06666}.Debug|x86.ActiveCfg = Debug|Any CPU
		{79696699-D13D-4152-AAA7-C30F37B06666}.Debug|x86.Build.0 = Debug|Any CPU
		{79696699-D13D-4152-AAA7-C30F37B06666}.Release|Any CPU.ActiveCfg = Release|Any CPU
		{79696699-D13D-4152-AAA7-C30F37B06666}.Release|Any CPU.Build.0 = Release|Any CPU
		{79696699-D13D-4152-AAA7-C30F37B06666}.Release|x64.ActiveCfg = Release|Any CPU
		{79696699-D13D-4152-AAA7-C30F37B06666}.Release|x64.Build.0 = Release|Any CPU
		{79696699-D13D-4152-AAA7-C30F37B06666}.Release|x86.ActiveCfg = Release|Any CPU
		{79696699-D13D-4152-AAA7-C30F37B06666}.Release|x86.Build.0 = Release|Any CPU
		{7D226911-4D9F-4AC0-BB0E-93DF8F71BAC3}.Debug|Any CPU.ActiveCfg = Debug|Any CPU
		{7D226911-4D9F-4AC0-BB0E-93DF8F71BAC3}.Debug|Any CPU.Build.0 = Debug|Any CPU
		{7D226911-4D9F-4AC0-BB0E-93DF8F71BAC3}.Debug|x64.ActiveCfg = Debug|Any CPU
		{7D226911-4D9F-4AC0-BB0E-93DF8F71BAC3}.Debug|x64.Build.0 = Debug|Any CPU
		{7D226911-4D9F-4AC0-BB0E-93DF8F71BAC3}.Debug|x86.ActiveCfg = Debug|Any CPU
		{7D226911-4D9F-4AC0-BB0E-93DF8F71BAC3}.Debug|x86.Build.0 = Debug|Any CPU
		{7D226911-4D9F-4AC0-BB0E-93DF8F71BAC3}.Release|Any CPU.ActiveCfg = Release|Any CPU
		{7D226911-4D9F-4AC0-BB0E-93DF8F71BAC3}.Release|Any CPU.Build.0 = Release|Any CPU
		{7D226911-4D9F-4AC0-BB0E-93DF8F71BAC3}.Release|x64.ActiveCfg = Release|Any CPU
		{7D226911-4D9F-4AC0-BB0E-93DF8F71BAC3}.Release|x64.Build.0 = Release|Any CPU
		{7D226911-4D9F-4AC0-BB0E-93DF8F71BAC3}.Release|x86.ActiveCfg = Release|Any CPU
		{7D226911-4D9F-4AC0-BB0E-93DF8F71BAC3}.Release|x86.Build.0 = Release|Any CPU
		{7AE9C224-C232-43F6-A329-7ADE70EE76B2}.Debug|Any CPU.ActiveCfg = Debug|Any CPU
		{7AE9C224-C232-43F6-A329-7ADE70EE76B2}.Debug|Any CPU.Build.0 = Debug|Any CPU
		{7AE9C224-C232-43F6-A329-7ADE70EE76B2}.Debug|x64.ActiveCfg = Debug|Any CPU
		{7AE9C224-C232-43F6-A329-7ADE70EE76B2}.Debug|x64.Build.0 = Debug|Any CPU
		{7AE9C224-C232-43F6-A329-7ADE70EE76B2}.Debug|x86.ActiveCfg = Debug|Any CPU
		{7AE9C224-C232-43F6-A329-7ADE70EE76B2}.Debug|x86.Build.0 = Debug|Any CPU
		{7AE9C224-C232-43F6-A329-7ADE70EE76B2}.Release|Any CPU.ActiveCfg = Release|Any CPU
		{7AE9C224-C232-43F6-A329-7ADE70EE76B2}.Release|Any CPU.Build.0 = Release|Any CPU
		{7AE9C224-C232-43F6-A329-7ADE70EE76B2}.Release|x64.ActiveCfg = Release|Any CPU
		{7AE9C224-C232-43F6-A329-7ADE70EE76B2}.Release|x64.Build.0 = Release|Any CPU
		{7AE9C224-C232-43F6-A329-7ADE70EE76B2}.Release|x86.ActiveCfg = Release|Any CPU
		{7AE9C224-C232-43F6-A329-7ADE70EE76B2}.Release|x86.Build.0 = Release|Any CPU
		{3DFDC043-0D74-493E-B9F2-2B4E902AB9FA}.Debug|Any CPU.ActiveCfg = Debug|Any CPU
		{3DFDC043-0D74-493E-B9F2-2B4E902AB9FA}.Debug|Any CPU.Build.0 = Debug|Any CPU
		{3DFDC043-0D74-493E-B9F2-2B4E902AB9FA}.Debug|x64.ActiveCfg = Debug|Any CPU
		{3DFDC043-0D74-493E-B9F2-2B4E902AB9FA}.Debug|x64.Build.0 = Debug|Any CPU
		{3DFDC043-0D74-493E-B9F2-2B4E902AB9FA}.Debug|x86.ActiveCfg = Debug|Any CPU
		{3DFDC043-0D74-493E-B9F2-2B4E902AB9FA}.Debug|x86.Build.0 = Debug|Any CPU
		{3DFDC043-0D74-493E-B9F2-2B4E902AB9FA}.Release|Any CPU.ActiveCfg = Release|Any CPU
		{3DFDC043-0D74-493E-B9F2-2B4E902AB9FA}.Release|Any CPU.Build.0 = Release|Any CPU
		{3DFDC043-0D74-493E-B9F2-2B4E902AB9FA}.Release|x64.ActiveCfg = Release|Any CPU
		{3DFDC043-0D74-493E-B9F2-2B4E902AB9FA}.Release|x64.Build.0 = Release|Any CPU
		{3DFDC043-0D74-493E-B9F2-2B4E902AB9FA}.Release|x86.ActiveCfg = Release|Any CPU
		{3DFDC043-0D74-493E-B9F2-2B4E902AB9FA}.Release|x86.Build.0 = Release|Any CPU
		{58617EF5-4875-4B42-9CD8-1E622D2C2C37}.Debug|Any CPU.ActiveCfg = Debug|Any CPU
		{58617EF5-4875-4B42-9CD8-1E622D2C2C37}.Debug|Any CPU.Build.0 = Debug|Any CPU
		{58617EF5-4875-4B42-9CD8-1E622D2C2C37}.Debug|x64.ActiveCfg = Debug|Any CPU
		{58617EF5-4875-4B42-9CD8-1E622D2C2C37}.Debug|x64.Build.0 = Debug|Any CPU
		{58617EF5-4875-4B42-9CD8-1E622D2C2C37}.Debug|x86.ActiveCfg = Debug|Any CPU
		{58617EF5-4875-4B42-9CD8-1E622D2C2C37}.Debug|x86.Build.0 = Debug|Any CPU
		{58617EF5-4875-4B42-9CD8-1E622D2C2C37}.Release|Any CPU.ActiveCfg = Release|Any CPU
		{58617EF5-4875-4B42-9CD8-1E622D2C2C37}.Release|Any CPU.Build.0 = Release|Any CPU
		{58617EF5-4875-4B42-9CD8-1E622D2C2C37}.Release|x64.ActiveCfg = Release|Any CPU
		{58617EF5-4875-4B42-9CD8-1E622D2C2C37}.Release|x64.Build.0 = Release|Any CPU
		{58617EF5-4875-4B42-9CD8-1E622D2C2C37}.Release|x86.ActiveCfg = Release|Any CPU
		{58617EF5-4875-4B42-9CD8-1E622D2C2C37}.Release|x86.Build.0 = Release|Any CPU
		{4964336F-920F-4B5B-B757-7E71EBFD9703}.Debug|Any CPU.ActiveCfg = Debug|Any CPU
		{4964336F-920F-4B5B-B757-7E71EBFD9703}.Debug|Any CPU.Build.0 = Debug|Any CPU
		{4964336F-920F-4B5B-B757-7E71EBFD9703}.Debug|x64.ActiveCfg = Debug|Any CPU
		{4964336F-920F-4B5B-B757-7E71EBFD9703}.Debug|x64.Build.0 = Debug|Any CPU
		{4964336F-920F-4B5B-B757-7E71EBFD9703}.Debug|x86.ActiveCfg = Debug|Any CPU
		{4964336F-920F-4B5B-B757-7E71EBFD9703}.Debug|x86.Build.0 = Debug|Any CPU
		{4964336F-920F-4B5B-B757-7E71EBFD9703}.Release|Any CPU.ActiveCfg = Release|Any CPU
		{4964336F-920F-4B5B-B757-7E71EBFD9703}.Release|Any CPU.Build.0 = Release|Any CPU
		{4964336F-920F-4B5B-B757-7E71EBFD9703}.Release|x64.ActiveCfg = Release|Any CPU
		{4964336F-920F-4B5B-B757-7E71EBFD9703}.Release|x64.Build.0 = Release|Any CPU
		{4964336F-920F-4B5B-B757-7E71EBFD9703}.Release|x86.ActiveCfg = Release|Any CPU
		{4964336F-920F-4B5B-B757-7E71EBFD9703}.Release|x86.Build.0 = Release|Any CPU
		{B1E04D25-BA49-4B8B-9320-593DB3C05D8D}.Debug|Any CPU.ActiveCfg = Debug|Any CPU
		{B1E04D25-BA49-4B8B-9320-593DB3C05D8D}.Debug|Any CPU.Build.0 = Debug|Any CPU
		{B1E04D25-BA49-4B8B-9320-593DB3C05D8D}.Debug|x64.ActiveCfg = Debug|Any CPU
		{B1E04D25-BA49-4B8B-9320-593DB3C05D8D}.Debug|x64.Build.0 = Debug|Any CPU
		{B1E04D25-BA49-4B8B-9320-593DB3C05D8D}.Debug|x86.ActiveCfg = Debug|Any CPU
		{B1E04D25-BA49-4B8B-9320-593DB3C05D8D}.Debug|x86.Build.0 = Debug|Any CPU
		{B1E04D25-BA49-4B8B-9320-593DB3C05D8D}.Release|Any CPU.ActiveCfg = Release|Any CPU
		{B1E04D25-BA49-4B8B-9320-593DB3C05D8D}.Release|Any CPU.Build.0 = Release|Any CPU
		{B1E04D25-BA49-4B8B-9320-593DB3C05D8D}.Release|x64.ActiveCfg = Release|Any CPU
		{B1E04D25-BA49-4B8B-9320-593DB3C05D8D}.Release|x64.Build.0 = Release|Any CPU
		{B1E04D25-BA49-4B8B-9320-593DB3C05D8D}.Release|x86.ActiveCfg = Release|Any CPU
		{B1E04D25-BA49-4B8B-9320-593DB3C05D8D}.Release|x86.Build.0 = Release|Any CPU
		{413F3BB7-359D-4138-82B2-2D6663812CD0}.Debug|Any CPU.ActiveCfg = Debug|Any CPU
		{413F3BB7-359D-4138-82B2-2D6663812CD0}.Debug|Any CPU.Build.0 = Debug|Any CPU
		{413F3BB7-359D-4138-82B2-2D6663812CD0}.Debug|x64.ActiveCfg = Debug|Any CPU
		{413F3BB7-359D-4138-82B2-2D6663812CD0}.Debug|x64.Build.0 = Debug|Any CPU
		{413F3BB7-359D-4138-82B2-2D6663812CD0}.Debug|x86.ActiveCfg = Debug|Any CPU
		{413F3BB7-359D-4138-82B2-2D6663812CD0}.Debug|x86.Build.0 = Debug|Any CPU
		{413F3BB7-359D-4138-82B2-2D6663812CD0}.Release|Any CPU.ActiveCfg = Release|Any CPU
		{413F3BB7-359D-4138-82B2-2D6663812CD0}.Release|Any CPU.Build.0 = Release|Any CPU
		{413F3BB7-359D-4138-82B2-2D6663812CD0}.Release|x64.ActiveCfg = Release|Any CPU
		{413F3BB7-359D-4138-82B2-2D6663812CD0}.Release|x64.Build.0 = Release|Any CPU
		{413F3BB7-359D-4138-82B2-2D6663812CD0}.Release|x86.ActiveCfg = Release|Any CPU
		{413F3BB7-359D-4138-82B2-2D6663812CD0}.Release|x86.Build.0 = Release|Any CPU
		{AB5DB604-C8D2-4017-8FE9-54A2E0010AF5}.Debug|Any CPU.ActiveCfg = Debug|Any CPU
		{AB5DB604-C8D2-4017-8FE9-54A2E0010AF5}.Debug|Any CPU.Build.0 = Debug|Any CPU
		{AB5DB604-C8D2-4017-8FE9-54A2E0010AF5}.Debug|x64.ActiveCfg = Debug|Any CPU
		{AB5DB604-C8D2-4017-8FE9-54A2E0010AF5}.Debug|x64.Build.0 = Debug|Any CPU
		{AB5DB604-C8D2-4017-8FE9-54A2E0010AF5}.Debug|x86.ActiveCfg = Debug|Any CPU
		{AB5DB604-C8D2-4017-8FE9-54A2E0010AF5}.Debug|x86.Build.0 = Debug|Any CPU
		{AB5DB604-C8D2-4017-8FE9-54A2E0010AF5}.Release|Any CPU.ActiveCfg = Release|Any CPU
		{AB5DB604-C8D2-4017-8FE9-54A2E0010AF5}.Release|Any CPU.Build.0 = Release|Any CPU
		{AB5DB604-C8D2-4017-8FE9-54A2E0010AF5}.Release|x64.ActiveCfg = Release|Any CPU
		{AB5DB604-C8D2-4017-8FE9-54A2E0010AF5}.Release|x64.Build.0 = Release|Any CPU
		{AB5DB604-C8D2-4017-8FE9-54A2E0010AF5}.Release|x86.ActiveCfg = Release|Any CPU
		{AB5DB604-C8D2-4017-8FE9-54A2E0010AF5}.Release|x86.Build.0 = Release|Any CPU
		{39757A1B-B502-4A78-9EFF-4845050A032C}.Debug|Any CPU.ActiveCfg = Debug|Any CPU
		{39757A1B-B502-4A78-9EFF-4845050A032C}.Debug|Any CPU.Build.0 = Debug|Any CPU
		{39757A1B-B502-4A78-9EFF-4845050A032C}.Debug|x64.ActiveCfg = Debug|Any CPU
		{39757A1B-B502-4A78-9EFF-4845050A032C}.Debug|x64.Build.0 = Debug|Any CPU
		{39757A1B-B502-4A78-9EFF-4845050A032C}.Debug|x86.ActiveCfg = Debug|Any CPU
		{39757A1B-B502-4A78-9EFF-4845050A032C}.Debug|x86.Build.0 = Debug|Any CPU
		{39757A1B-B502-4A78-9EFF-4845050A032C}.Release|Any CPU.ActiveCfg = Release|Any CPU
		{39757A1B-B502-4A78-9EFF-4845050A032C}.Release|Any CPU.Build.0 = Release|Any CPU
		{39757A1B-B502-4A78-9EFF-4845050A032C}.Release|x64.ActiveCfg = Release|Any CPU
		{39757A1B-B502-4A78-9EFF-4845050A032C}.Release|x64.Build.0 = Release|Any CPU
		{39757A1B-B502-4A78-9EFF-4845050A032C}.Release|x86.ActiveCfg = Release|Any CPU
		{39757A1B-B502-4A78-9EFF-4845050A032C}.Release|x86.Build.0 = Release|Any CPU
		{127B80B5-1F20-4AF8-B650-6E7A50795562}.Debug|Any CPU.ActiveCfg = Debug|Any CPU
		{127B80B5-1F20-4AF8-B650-6E7A50795562}.Debug|Any CPU.Build.0 = Debug|Any CPU
		{127B80B5-1F20-4AF8-B650-6E7A50795562}.Debug|x64.ActiveCfg = Debug|Any CPU
		{127B80B5-1F20-4AF8-B650-6E7A50795562}.Debug|x64.Build.0 = Debug|Any CPU
		{127B80B5-1F20-4AF8-B650-6E7A50795562}.Debug|x86.ActiveCfg = Debug|Any CPU
		{127B80B5-1F20-4AF8-B650-6E7A50795562}.Debug|x86.Build.0 = Debug|Any CPU
		{127B80B5-1F20-4AF8-B650-6E7A50795562}.Release|Any CPU.ActiveCfg = Release|Any CPU
		{127B80B5-1F20-4AF8-B650-6E7A50795562}.Release|Any CPU.Build.0 = Release|Any CPU
		{127B80B5-1F20-4AF8-B650-6E7A50795562}.Release|x64.ActiveCfg = Release|Any CPU
		{127B80B5-1F20-4AF8-B650-6E7A50795562}.Release|x64.Build.0 = Release|Any CPU
		{127B80B5-1F20-4AF8-B650-6E7A50795562}.Release|x86.ActiveCfg = Release|Any CPU
		{127B80B5-1F20-4AF8-B650-6E7A50795562}.Release|x86.Build.0 = Release|Any CPU
		{3F60C437-F1D4-42DA-92A3-AAD9ECB1DCEF}.Debug|Any CPU.ActiveCfg = Debug|Any CPU
		{3F60C437-F1D4-42DA-92A3-AAD9ECB1DCEF}.Debug|Any CPU.Build.0 = Debug|Any CPU
		{3F60C437-F1D4-42DA-92A3-AAD9ECB1DCEF}.Debug|x64.ActiveCfg = Debug|Any CPU
		{3F60C437-F1D4-42DA-92A3-AAD9ECB1DCEF}.Debug|x64.Build.0 = Debug|Any CPU
		{3F60C437-F1D4-42DA-92A3-AAD9ECB1DCEF}.Debug|x86.ActiveCfg = Debug|Any CPU
		{3F60C437-F1D4-42DA-92A3-AAD9ECB1DCEF}.Debug|x86.Build.0 = Debug|Any CPU
		{3F60C437-F1D4-42DA-92A3-AAD9ECB1DCEF}.Release|Any CPU.ActiveCfg = Release|Any CPU
		{3F60C437-F1D4-42DA-92A3-AAD9ECB1DCEF}.Release|Any CPU.Build.0 = Release|Any CPU
		{3F60C437-F1D4-42DA-92A3-AAD9ECB1DCEF}.Release|x64.ActiveCfg = Release|Any CPU
		{3F60C437-F1D4-42DA-92A3-AAD9ECB1DCEF}.Release|x64.Build.0 = Release|Any CPU
		{3F60C437-F1D4-42DA-92A3-AAD9ECB1DCEF}.Release|x86.ActiveCfg = Release|Any CPU
		{3F60C437-F1D4-42DA-92A3-AAD9ECB1DCEF}.Release|x86.Build.0 = Release|Any CPU
		{7A28146B-EF4E-4690-958E-D35501F42F38}.Debug|Any CPU.ActiveCfg = Debug|Any CPU
		{7A28146B-EF4E-4690-958E-D35501F42F38}.Debug|Any CPU.Build.0 = Debug|Any CPU
		{7A28146B-EF4E-4690-958E-D35501F42F38}.Debug|x64.ActiveCfg = Debug|Any CPU
		{7A28146B-EF4E-4690-958E-D35501F42F38}.Debug|x64.Build.0 = Debug|Any CPU
		{7A28146B-EF4E-4690-958E-D35501F42F38}.Debug|x86.ActiveCfg = Debug|Any CPU
		{7A28146B-EF4E-4690-958E-D35501F42F38}.Debug|x86.Build.0 = Debug|Any CPU
		{7A28146B-EF4E-4690-958E-D35501F42F38}.Release|Any CPU.ActiveCfg = Release|Any CPU
		{7A28146B-EF4E-4690-958E-D35501F42F38}.Release|Any CPU.Build.0 = Release|Any CPU
		{7A28146B-EF4E-4690-958E-D35501F42F38}.Release|x64.ActiveCfg = Release|Any CPU
		{7A28146B-EF4E-4690-958E-D35501F42F38}.Release|x64.Build.0 = Release|Any CPU
		{7A28146B-EF4E-4690-958E-D35501F42F38}.Release|x86.ActiveCfg = Release|Any CPU
		{7A28146B-EF4E-4690-958E-D35501F42F38}.Release|x86.Build.0 = Release|Any CPU
		{FA7FE736-BE0B-4CA2-AA7C-A04EF687D6E4}.Debug|Any CPU.ActiveCfg = Debug|Any CPU
		{FA7FE736-BE0B-4CA2-AA7C-A04EF687D6E4}.Debug|Any CPU.Build.0 = Debug|Any CPU
		{FA7FE736-BE0B-4CA2-AA7C-A04EF687D6E4}.Debug|x64.ActiveCfg = Debug|Any CPU
		{FA7FE736-BE0B-4CA2-AA7C-A04EF687D6E4}.Debug|x64.Build.0 = Debug|Any CPU
		{FA7FE736-BE0B-4CA2-AA7C-A04EF687D6E4}.Debug|x86.ActiveCfg = Debug|Any CPU
		{FA7FE736-BE0B-4CA2-AA7C-A04EF687D6E4}.Debug|x86.Build.0 = Debug|Any CPU
		{FA7FE736-BE0B-4CA2-AA7C-A04EF687D6E4}.Release|Any CPU.ActiveCfg = Release|Any CPU
		{FA7FE736-BE0B-4CA2-AA7C-A04EF687D6E4}.Release|Any CPU.Build.0 = Release|Any CPU
		{FA7FE736-BE0B-4CA2-AA7C-A04EF687D6E4}.Release|x64.ActiveCfg = Release|Any CPU
		{FA7FE736-BE0B-4CA2-AA7C-A04EF687D6E4}.Release|x64.Build.0 = Release|Any CPU
		{FA7FE736-BE0B-4CA2-AA7C-A04EF687D6E4}.Release|x86.ActiveCfg = Release|Any CPU
		{FA7FE736-BE0B-4CA2-AA7C-A04EF687D6E4}.Release|x86.Build.0 = Release|Any CPU
		{ADF6D962-215F-491A-B1C3-45F0F2E5BF82}.Debug|Any CPU.ActiveCfg = Debug|Any CPU
		{ADF6D962-215F-491A-B1C3-45F0F2E5BF82}.Debug|Any CPU.Build.0 = Debug|Any CPU
		{ADF6D962-215F-491A-B1C3-45F0F2E5BF82}.Debug|x64.ActiveCfg = Debug|Any CPU
		{ADF6D962-215F-491A-B1C3-45F0F2E5BF82}.Debug|x64.Build.0 = Debug|Any CPU
		{ADF6D962-215F-491A-B1C3-45F0F2E5BF82}.Debug|x86.ActiveCfg = Debug|Any CPU
		{ADF6D962-215F-491A-B1C3-45F0F2E5BF82}.Debug|x86.Build.0 = Debug|Any CPU
		{ADF6D962-215F-491A-B1C3-45F0F2E5BF82}.Release|Any CPU.ActiveCfg = Release|Any CPU
		{ADF6D962-215F-491A-B1C3-45F0F2E5BF82}.Release|Any CPU.Build.0 = Release|Any CPU
		{ADF6D962-215F-491A-B1C3-45F0F2E5BF82}.Release|x64.ActiveCfg = Release|Any CPU
		{ADF6D962-215F-491A-B1C3-45F0F2E5BF82}.Release|x64.Build.0 = Release|Any CPU
		{ADF6D962-215F-491A-B1C3-45F0F2E5BF82}.Release|x86.ActiveCfg = Release|Any CPU
		{ADF6D962-215F-491A-B1C3-45F0F2E5BF82}.Release|x86.Build.0 = Release|Any CPU
		{09C5AA0A-B94F-46F9-806A-EF0EB299086D}.Debug|Any CPU.ActiveCfg = Debug|Any CPU
		{09C5AA0A-B94F-46F9-806A-EF0EB299086D}.Debug|Any CPU.Build.0 = Debug|Any CPU
		{09C5AA0A-B94F-46F9-806A-EF0EB299086D}.Debug|x64.ActiveCfg = Debug|Any CPU
		{09C5AA0A-B94F-46F9-806A-EF0EB299086D}.Debug|x64.Build.0 = Debug|Any CPU
		{09C5AA0A-B94F-46F9-806A-EF0EB299086D}.Debug|x86.ActiveCfg = Debug|Any CPU
		{09C5AA0A-B94F-46F9-806A-EF0EB299086D}.Debug|x86.Build.0 = Debug|Any CPU
		{09C5AA0A-B94F-46F9-806A-EF0EB299086D}.Release|Any CPU.ActiveCfg = Release|Any CPU
		{09C5AA0A-B94F-46F9-806A-EF0EB299086D}.Release|Any CPU.Build.0 = Release|Any CPU
		{09C5AA0A-B94F-46F9-806A-EF0EB299086D}.Release|x64.ActiveCfg = Release|Any CPU
		{09C5AA0A-B94F-46F9-806A-EF0EB299086D}.Release|x64.Build.0 = Release|Any CPU
		{09C5AA0A-B94F-46F9-806A-EF0EB299086D}.Release|x86.ActiveCfg = Release|Any CPU
		{09C5AA0A-B94F-46F9-806A-EF0EB299086D}.Release|x86.Build.0 = Release|Any CPU
	EndGlobalSection
	GlobalSection(SolutionProperties) = preSolution
		HideSolutionNode = FALSE
	EndGlobalSection
	GlobalSection(NestedProjects) = preSolution
		{F88E64D0-D7F8-4876-BD39-2175D1B86889} = {D3EFBBDF-641F-4849-8BCB-BFAA7DEA0447}
		{16B3EE24-05F8-474F-B952-76C5B4A4B725} = {D3EFBBDF-641F-4849-8BCB-BFAA7DEA0447}
		{2E01B654-6BE2-455D-B263-3F023AE2B992} = {AFC9DC50-61AE-42A7-BF5A-3F55F2BA6BC0}
		{84C0438D-5FAA-43BA-B91C-AD759FB95CC8} = {72EA6752-DA13-4F0D-9963-A0C2DDAAEC9F}
		{7D226911-4D9F-4AC0-BB0E-93DF8F71BAC3} = {AFC9DC50-61AE-42A7-BF5A-3F55F2BA6BC0}
		{7AE9C224-C232-43F6-A329-7ADE70EE76B2} = {A2C7AA6D-251E-45AB-A32A-8EA6BB634ACA}
		{3DFDC043-0D74-493E-B9F2-2B4E902AB9FA} = {A2C7AA6D-251E-45AB-A32A-8EA6BB634ACA}
		{58617EF5-4875-4B42-9CD8-1E622D2C2C37} = {72EA6752-DA13-4F0D-9963-A0C2DDAAEC9F}
		{869EC03E-6CCA-48A9-B7E1-C6CEC6796ED5} = {2CB618DD-9551-4593-8B98-FFAE20DC4C64}
		{4964336F-920F-4B5B-B757-7E71EBFD9703} = {869EC03E-6CCA-48A9-B7E1-C6CEC6796ED5}
		{B1E04D25-BA49-4B8B-9320-593DB3C05D8D} = {869EC03E-6CCA-48A9-B7E1-C6CEC6796ED5}
		{413F3BB7-359D-4138-82B2-2D6663812CD0} = {1BA0BC13-1FAC-43E6-8485-EB8EA00CD072}
		{AB5DB604-C8D2-4017-8FE9-54A2E0010AF5} = {1BA0BC13-1FAC-43E6-8485-EB8EA00CD072}
		{39757A1B-B502-4A78-9EFF-4845050A032C} = {72EA6752-DA13-4F0D-9963-A0C2DDAAEC9F}
		{127B80B5-1F20-4AF8-B650-6E7A50795562} = {79F1788F-E763-4B06-AC5E-C8882F49F0C3}
		{3F60C437-F1D4-42DA-92A3-AAD9ECB1DCEF} = {79F1788F-E763-4B06-AC5E-C8882F49F0C3}
		{79F1788F-E763-4B06-AC5E-C8882F49F0C3} = {2CB618DD-9551-4593-8B98-FFAE20DC4C64}
		{7A28146B-EF4E-4690-958E-D35501F42F38} = {69846AE7-15B1-4BA3-BFC4-C8DC5ED106AB}
		{69846AE7-15B1-4BA3-BFC4-C8DC5ED106AB} = {2CB618DD-9551-4593-8B98-FFAE20DC4C64}
		{FA7FE736-BE0B-4CA2-AA7C-A04EF687D6E4} = {69846AE7-15B1-4BA3-BFC4-C8DC5ED106AB}
		{ADF6D962-215F-491A-B1C3-45F0F2E5BF82} = {C56C4046-E243-463C-BBFE-190792190DCB}
		{C56C4046-E243-463C-BBFE-190792190DCB} = {2CB618DD-9551-4593-8B98-FFAE20DC4C64}
		{09C5AA0A-B94F-46F9-806A-EF0EB299086D} = {C56C4046-E243-463C-BBFE-190792190DCB}
	EndGlobalSection
EndGlobal
